{
  "nodes": {
    "nixpkgs": {
      "locked": {
        "lastModified": 1719331463,
        "narHash": "sha256-qaQvb9Dvq1iBHSWmTJfHK7NTGVA5HjWp7y8hY9X8m/s=",
        "owner": "NixOS",
        "repo": "nixpkgs",
        "rev": "5ef104ab485523f3cb2665a068b6462dd4122521",
        "type": "github"
      },
      "original": {
        "owner": "NixOS",
        "repo": "nixpkgs",
        "type": "github"
      }
    },
    "root": {
      "inputs": {
        "nixpkgs": "nixpkgs"
      }
    }
  },
  "root": "root",
  "version": 7
}
